
Microsoft Visual Studio Solution File, Format Version 12.00
# Visual Studio Express 2013 for Windows Desktop
VisualStudioVersion = 12.0.30723.0
MinimumVisualStudioVersion = 10.0.40219.1
Project("{FAE04EC0-301F-11D3-BF4B-00C04F79EFBC}") = "TogglReport", "TogglReport\TogglReport.csproj", "{8719968E-D9A3-42A8-8E6A-24AFBC996D4E}"
EndProject
Project("{FAE04EC0-301F-11D3-BF4B-00C04F79EFBC}") = "TogglReport.Domain", "TogglReport.Domain\TogglReport.Domain.csproj", "{E7D966E8-10FC-49B1-88CA-25E5C528E17F}"
EndProject
Project("{FAE04EC0-301F-11D3-BF4B-00C04F79EFBC}") = "TogglReport.Domain.Tests", "TogglReport.Domain.Tests\TogglReport.Domain.Tests.csproj", "{F3AC5E51-69C2-442A-860B-497F6A10487B}"
EndProject
Project("{FAE04EC0-301F-11D3-BF4B-00C04F79EFBC}") = "Ahgora.Api", "Ahgora.Api\Ahgora.Api.csproj", "{58AF3D6C-DA7F-4DCF-AA92-289FFD29E83E}"
EndProject
Project("{FAE04EC0-301F-11D3-BF4B-00C04F79EFBC}") = "Ahgora.Api.Tests", "Ahgora.Api.Tests\Ahgora.Api.Tests.csproj", "{463CBE27-6EDA-43A6-9AE2-CD4280AB771C}"
EndProject
Global
	GlobalSection(SolutionConfigurationPlatforms) = preSolution
		Debug|Any CPU = Debug|Any CPU
		Release|Any CPU = Release|Any CPU
	EndGlobalSection
	GlobalSection(ProjectConfigurationPlatforms) = postSolution
		{8719968E-D9A3-42A8-8E6A-24AFBC996D4E}.Debug|Any CPU.ActiveCfg = Debug|Any CPU
		{8719968E-D9A3-42A8-8E6A-24AFBC996D4E}.Debug|Any CPU.Build.0 = Debug|Any CPU
		{8719968E-D9A3-42A8-8E6A-24AFBC996D4E}.Release|Any CPU.ActiveCfg = Release|Any CPU
		{8719968E-D9A3-42A8-8E6A-24AFBC996D4E}.Release|Any CPU.Build.0 = Release|Any CPU
		{E7D966E8-10FC-49B1-88CA-25E5C528E17F}.Debug|Any CPU.ActiveCfg = Debug|Any CPU
		{E7D966E8-10FC-49B1-88CA-25E5C528E17F}.Debug|Any CPU.Build.0 = Debug|Any CPU
		{E7D966E8-10FC-49B1-88CA-25E5C528E17F}.Release|Any CPU.ActiveCfg = Release|Any CPU
		{E7D966E8-10FC-49B1-88CA-25E5C528E17F}.Release|Any CPU.Build.0 = Release|Any CPU
		{F3AC5E51-69C2-442A-860B-497F6A10487B}.Debug|Any CPU.ActiveCfg = Debug|Any CPU
		{F3AC5E51-69C2-442A-860B-497F6A10487B}.Debug|Any CPU.Build.0 = Debug|Any CPU
		{F3AC5E51-69C2-442A-860B-497F6A10487B}.Release|Any CPU.ActiveCfg = Release|Any CPU
		{F3AC5E51-69C2-442A-860B-497F6A10487B}.Release|Any CPU.Build.0 = Release|Any CPU
		{58AF3D6C-DA7F-4DCF-AA92-289FFD29E83E}.Debug|Any CPU.ActiveCfg = Debug|Any CPU
		{58AF3D6C-DA7F-4DCF-AA92-289FFD29E83E}.Debug|Any CPU.Build.0 = Debug|Any CPU
		{58AF3D6C-DA7F-4DCF-AA92-289FFD29E83E}.Release|Any CPU.ActiveCfg = Release|Any CPU
		{58AF3D6C-DA7F-4DCF-AA92-289FFD29E83E}.Release|Any CPU.Build.0 = Release|Any CPU
		{463CBE27-6EDA-43A6-9AE2-CD4280AB771C}.Debug|Any CPU.ActiveCfg = Debug|Any CPU
		{463CBE27-6EDA-43A6-9AE2-CD4280AB771C}.Debug|Any CPU.Build.0 = Debug|Any CPU
		{463CBE27-6EDA-43A6-9AE2-CD4280AB771C}.Release|Any CPU.ActiveCfg = Release|Any CPU
		{463CBE27-6EDA-43A6-9AE2-CD4280AB771C}.Release|Any CPU.Build.0 = Release|Any CPU
	EndGlobalSection
	GlobalSection(SolutionProperties) = preSolution
		HideSolutionNode = FALSE
	EndGlobalSection
EndGlobal
